
Microsoft Visual Studio Solution File, Format Version 12.00
# Visual Studio Version 17
VisualStudioVersion = 17.12.35424.110 d17.12
MinimumVisualStudioVersion = 10.0.40219.1
Project("{FAE04EC0-301F-11D3-BF4B-00C04F79EFBC}") = "User Registeration", "User Registeration\User Registeration.csproj", "{C2FD9482-9A20-483C-B34D-828D5B3187AA}"
EndProject
Global
	GlobalSection(SolutionConfigurationPlatforms) = preSolution
		Debug|Any CPU = Debug|Any CPU
		Release|Any CPU = Release|Any CPU
	EndGlobalSection
	GlobalSection(ProjectConfigurationPlatforms) = postSolution
		{C2FD9482-9A20-483C-B34D-828D5B3187AA}.Debug|Any CPU.ActiveCfg = Debug|Any CPU
		{C2FD9482-9A20-483C-B34D-828D5B3187AA}.Debug|Any CPU.Build.0 = Debug|Any CPU
		{C2FD9482-9A20-483C-B34D-828D5B3187AA}.Release|Any CPU.ActiveCfg = Release|Any CPU
		{C2FD9482-9A20-483C-B34D-828D5B3187AA}.Release|Any CPU.Build.0 = Release|Any CPU
	EndGlobalSection
	GlobalSection(SolutionProperties) = preSolution
		HideSolutionNode = FALSE
	EndGlobalSection
EndGlobal
